
Microsoft Visual Studio Solution File, Format Version 12.00
# Visual Studio Version 17
VisualStudioVersion = 17.0.31903.59
MinimumVisualStudioVersion = 10.0.40219.1
Project("{2150E333-8FDC-42A3-9474-1A3956D46DE8}") = "src", "src", "{DE601E10-89F0-4A81-ACAC-4E9179128019}"
EndProject
Project("{FAE04EC0-301F-11D3-BF4B-00C04F79EFBC}") = "MovieManager.Api", "src\MovieManager.Api\MovieManager.Api.csproj", "{F9F12512-AAFA-47DA-B40F-56A0B604A50C}"
EndProject
Project("{FAE04EC0-301F-11D3-BF4B-00C04F79EFBC}") = "MovieManager.Domain", "src\MovieManager.Domain\MovieManager.Domain.csproj", "{4D898F1D-23B7-4F7C-B882-F37C0D001AD2}"
EndProject
Project("{FAE04EC0-301F-11D3-BF4B-00C04F79EFBC}") = "MovieManager.Application", "src\MovieManager.Application\MovieManager.Application.csproj", "{0F2E48B2-024B-41D0-802B-6FA81E30220E}"
EndProject
Project("{FAE04EC0-301F-11D3-BF4B-00C04F79EFBC}") = "MovieManager.Infrastructure", "src\MovieManager.Infrastructure\MovieManager.Infrastructure.csproj", "{F34A9C25-A5EE-4605-B8B7-064081C1E5E0}"
EndProject
Global
	GlobalSection(SolutionProperties) = preSolution
		HideSolutionNode = FALSE
	EndGlobalSection
	GlobalSection(SolutionConfigurationPlatforms) = preSolution
		Debug|Any CPU = Debug|Any CPU
		Debug|x64 = Debug|x64
		Debug|x86 = Debug|x86
		Release|Any CPU = Release|Any CPU
		Release|x64 = Release|x64
		Release|x86 = Release|x86
	EndGlobalSection
	GlobalSection(ProjectConfigurationPlatforms) = postSolution
		{F9F12512-AAFA-47DA-B40F-56A0B604A50C}.Debug|Any CPU.ActiveCfg = Debug|Any CPU
		{F9F12512-AAFA-47DA-B40F-56A0B604A50C}.Debug|Any CPU.Build.0 = Debug|Any CPU
		{F9F12512-AAFA-47DA-B40F-56A0B604A50C}.Debug|x64.ActiveCfg = Debug|Any CPU
		{F9F12512-AAFA-47DA-B40F-56A0B604A50C}.Debug|x64.Build.0 = Debug|Any CPU
		{F9F12512-AAFA-47DA-B40F-56A0B604A50C}.Debug|x86.ActiveCfg = Debug|Any CPU
		{F9F12512-AAFA-47DA-B40F-56A0B604A50C}.Debug|x86.Build.0 = Debug|Any CPU
		{F9F12512-AAFA-47DA-B40F-56A0B604A50C}.Release|Any CPU.ActiveCfg = Release|Any CPU
		{F9F12512-AAFA-47DA-B40F-56A0B604A50C}.Release|Any CPU.Build.0 = Release|Any CPU
		{F9F12512-AAFA-47DA-B40F-56A0B604A50C}.Release|x64.ActiveCfg = Release|Any CPU
		{F9F12512-AAFA-47DA-B40F-56A0B604A50C}.Release|x64.Build.0 = Release|Any CPU
		{F9F12512-AAFA-47DA-B40F-56A0B604A50C}.Release|x86.ActiveCfg = Release|Any CPU
		{F9F12512-AAFA-47DA-B40F-56A0B604A50C}.Release|x86.Build.0 = Release|Any CPU
		{4D898F1D-23B7-4F7C-B882-F37C0D001AD2}.Debug|Any CPU.ActiveCfg = Debug|Any CPU
		{4D898F1D-23B7-4F7C-B882-F37C0D001AD2}.Debug|Any CPU.Build.0 = Debug|Any CPU
		{4D898F1D-23B7-4F7C-B882-F37C0D001AD2}.Debug|x64.ActiveCfg = Debug|Any CPU
		{4D898F1D-23B7-4F7C-B882-F37C0D001AD2}.Debug|x64.Build.0 = Debug|Any CPU
		{4D898F1D-23B7-4F7C-B882-F37C0D001AD2}.Debug|x86.ActiveCfg = Debug|Any CPU
		{4D898F1D-23B7-4F7C-B882-F37C0D001AD2}.Debug|x86.Build.0 = Debug|Any CPU
		{4D898F1D-23B7-4F7C-B882-F37C0D001AD2}.Release|Any CPU.ActiveCfg = Release|Any CPU
		{4D898F1D-23B7-4F7C-B882-F37C0D001AD2}.Release|Any CPU.Build.0 = Release|Any CPU
		{4D898F1D-23B7-4F7C-B882-F37C0D001AD2}.Release|x64.ActiveCfg = Release|Any CPU
		{4D898F1D-23B7-4F7C-B882-F37C0D001AD2}.Release|x64.Build.0 = Release|Any CPU
		{4D898F1D-23B7-4F7C-B882-F37C0D001AD2}.Release|x86.ActiveCfg = Release|Any CPU
		{4D898F1D-23B7-4F7C-B882-F37C0D001AD2}.Release|x86.Build.0 = Release|Any CPU
		{0F2E48B2-024B-41D0-802B-6FA81E30220E}.Debug|Any CPU.ActiveCfg = Debug|Any CPU
		{0F2E48B2-024B-41D0-802B-6FA81E30220E}.Debug|Any CPU.Build.0 = Debug|Any CPU
		{0F2E48B2-024B-41D0-802B-6FA81E30220E}.Debug|x64.ActiveCfg = Debug|Any CPU
		{0F2E48B2-024B-41D0-802B-6FA81E30220E}.Debug|x64.Build.0 = Debug|Any CPU
		{0F2E48B2-024B-41D0-802B-6FA81E30220E}.Debug|x86.ActiveCfg = Debug|Any CPU
		{0F2E48B2-024B-41D0-802B-6FA81E30220E}.Debug|x86.Build.0 = Debug|Any CPU
		{0F2E48B2-024B-41D0-802B-6FA81E30220E}.Release|Any CPU.ActiveCfg = Release|Any CPU
		{0F2E48B2-024B-41D0-802B-6FA81E30220E}.Release|Any CPU.Build.0 = Release|Any CPU
		{0F2E48B2-024B-41D0-802B-6FA81E30220E}.Release|x64.ActiveCfg = Release|Any CPU
		{0F2E48B2-024B-41D0-802B-6FA81E30220E}.Release|x64.Build.0 = Release|Any CPU
		{0F2E48B2-024B-41D0-802B-6FA81E30220E}.Release|x86.ActiveCfg = Release|Any CPU
		{0F2E48B2-024B-41D0-802B-6FA81E30220E}.Release|x86.Build.0 = Release|Any CPU
		{F34A9C25-A5EE-4605-B8B7-064081C1E5E0}.Debug|Any CPU.ActiveCfg = Debug|Any CPU
		{F34A9C25-A5EE-4605-B8B7-064081C1E5E0}.Debug|Any CPU.Build.0 = Debug|Any CPU
		{F34A9C25-A5EE-4605-B8B7-064081C1E5E0}.Debug|x64.ActiveCfg = Debug|Any CPU
		{F34A9C25-A5EE-4605-B8B7-064081C1E5E0}.Debug|x64.Build.0 = Debug|Any CPU
		{F34A9C25-A5EE-4605-B8B7-064081C1E5E0}.Debug|x86.ActiveCfg = Debug|Any CPU
		{F34A9C25-A5EE-4605-B8B7-064081C1E5E0}.Debug|x86.Build.0 = Debug|Any CPU
		{F34A9C25-A5EE-4605-B8B7-064081C1E5E0}.Release|Any CPU.ActiveCfg = Release|Any CPU
		{F34A9C25-A5EE-4605-B8B7-064081C1E5E0}.Release|Any CPU.Build.0 = Release|Any CPU
		{F34A9C25-A5EE-4605-B8B7-064081C1E5E0}.Release|x64.ActiveCfg = Release|Any CPU
		{F34A9C25-A5EE-4605-B8B7-064081C1E5E0}.Release|x64.Build.0 = Release|Any CPU
		{F34A9C25-A5EE-4605-B8B7-064081C1E5E0}.Release|x86.ActiveCfg = Release|Any CPU
		{F34A9C25-A5EE-4605-B8B7-064081C1E5E0}.Release|x86.Build.0 = Release|Any CPU
	EndGlobalSection
	GlobalSection(NestedProjects) = preSolution
		{F9F12512-AAFA-47DA-B40F-56A0B604A50C} = {DE601E10-89F0-4A81-ACAC-4E9179128019}
		{4D898F1D-23B7-4F7C-B882-F37C0D001AD2} = {DE601E10-89F0-4A81-ACAC-4E9179128019}
		{0F2E48B2-024B-41D0-802B-6FA81E30220E} = {DE601E10-89F0-4A81-ACAC-4E9179128019}
		{F34A9C25-A5EE-4605-B8B7-064081C1E5E0} = {DE601E10-89F0-4A81-ACAC-4E9179128019}
	EndGlobalSection
EndGlobal
